// !$*UTF8*$!
{
	archiveVersion = 1;
	classes = {
	};
	objectVersion = 50;
	objects = {

/* Begin PBXBuildFile section */
		CD2CC6E426C4CA3D00E7EFEA /* AppDelegate.swift in Sources */ = {isa = PBXBuildFile; fileRef = CD2CC6E326C4CA3D00E7EFEA /* AppDelegate.swift */; };
		CD2CC6E626C4CA3D00E7EFEA /* SceneDelegate.swift in Sources */ = {isa = PBXBuildFile; fileRef = CD2CC6E526C4CA3D00E7EFEA /* SceneDelegate.swift */; };
		CD2CC6E826C4CA3D00E7EFEA /* ViewController.swift in Sources */ = {isa = PBXBuildFile; fileRef = CD2CC6E726C4CA3D00E7EFEA /* ViewController.swift */; };
		CD2CC6EB26C4CA3D00E7EFEA /* Main.storyboard in Resources */ = {isa = PBXBuildFile; fileRef = CD2CC6E926C4CA3D00E7EFEA /* Main.storyboard */; };
		CD2CC6ED26C4CA3E00E7EFEA /* Assets.xcassets in Resources */ = {isa = PBXBuildFile; fileRef = CD2CC6EC26C4CA3E00E7EFEA /* Assets.xcassets */; };
		CD2CC6F026C4CA3E00E7EFEA /* LaunchScreen.storyboard in Resources */ = {isa = PBXBuildFile; fileRef = CD2CC6EE26C4CA3E00E7EFEA /* LaunchScreen.storyboard */; };
		CD2CC6FB26C4CA3E00E7EFEA /* MentorBookTests.swift in Sources */ = {isa = PBXBuildFile; fileRef = CD2CC6FA26C4CA3E00E7EFEA /* MentorBookTests.swift */; };
		CD2CC70626C4CA3E00E7EFEA /* MentorBookUITests.swift in Sources */ = {isa = PBXBuildFile; fileRef = CD2CC70526C4CA3E00E7EFEA /* MentorBookUITests.swift */; };
		CD2CC71726C4DCF500E7EFEA /* ryo.jpg in Resources */ = {isa = PBXBuildFile; fileRef = CD2CC71426C4DCF500E7EFEA /* ryo.jpg */; };
		CD2CC71826C4DCF500E7EFEA /* nagata.jpg in Resources */ = {isa = PBXBuildFile; fileRef = CD2CC71526C4DCF500E7EFEA /* nagata.jpg */; };
		CD2CC71926C4DCF500E7EFEA /* taithi.jpg in Resources */ = {isa = PBXBuildFile; fileRef = CD2CC71626C4DCF500E7EFEA /* taithi.jpg */; };
		CD2CC71B26C4EC0200E7EFEA /* Mentor.swift in Sources */ = {isa = PBXBuildFile; fileRef = CD2CC71A26C4EC0200E7EFEA /* Mentor.swift */; };
/* End PBXBuildFile section */

/* Begin PBXContainerItemProxy section */
		CD2CC6F726C4CA3E00E7EFEA /* PBXContainerItemProxy */ = {
			isa = PBXContainerItemProxy;
			containerPortal = CD2CC6D826C4CA3D00E7EFEA /* Project object */;
			proxyType = 1;
			remoteGlobalIDString = CD2CC6DF26C4CA3D00E7EFEA;
			remoteInfo = MentorBook;
		};
		CD2CC70226C4CA3E00E7EFEA /* PBXContainerItemProxy */ = {
			isa = PBXContainerItemProxy;
			containerPortal = CD2CC6D826C4CA3D00E7EFEA /* Project object */;
			proxyType = 1;
			remoteGlobalIDString = CD2CC6DF26C4CA3D00E7EFEA;
			remoteInfo = MentorBook;
		};
/* End PBXContainerItemProxy section */

/* Begin PBXFileReference section */
		CD2CC6E026C4CA3D00E7EFEA /* MentorBook.app */ = {isa = PBXFileReference; explicitFileType = wrapper.application; includeInIndex = 0; path = MentorBook.app; sourceTree = BUILT_PRODUCTS_DIR; };
		CD2CC6E326C4CA3D00E7EFEA /* AppDelegate.swift */ = {isa = PBXFileReference; lastKnownFileType = sourcecode.swift; path = AppDelegate.swift; sourceTree = "<group>"; };
		CD2CC6E526C4CA3D00E7EFEA /* SceneDelegate.swift */ = {isa = PBXFileReference; lastKnownFileType = sourcecode.swift; path = SceneDelegate.swift; sourceTree = "<group>"; };
		CD2CC6E726C4CA3D00E7EFEA /* ViewController.swift */ = {isa = PBXFileReference; lastKnownFileType = sourcecode.swift; path = ViewController.swift; sourceTree = "<group>"; };
		CD2CC6EA26C4CA3D00E7EFEA /* Base */ = {isa = PBXFileReference; lastKnownFileType = file.storyboard; name = Base; path = Base.lproj/Main.storyboard; sourceTree = "<group>"; };
		CD2CC6EC26C4CA3E00E7EFEA /* Assets.xcassets */ = {isa = PBXFileReference; lastKnownFileType = folder.assetcatalog; path = Assets.xcassets; sourceTree = "<group>"; };
		CD2CC6EF26C4CA3E00E7EFEA /* Base */ = {isa = PBXFileReference; lastKnownFileType = file.storyboard; name = Base; path = Base.lproj/LaunchScreen.storyboard; sourceTree = "<group>"; };
		CD2CC6F126C4CA3E00E7EFEA /* Info.plist */ = {isa = PBXFileReference; lastKnownFileType = text.plist.xml; path = Info.plist; sourceTree = "<group>"; };
		CD2CC6F626C4CA3E00E7EFEA /* MentorBookTests.xctest */ = {isa = PBXFileReference; explicitFileType = wrapper.cfbundle; includeInIndex = 0; path = MentorBookTests.xctest; sourceTree = BUILT_PRODUCTS_DIR; };
		CD2CC6FA26C4CA3E00E7EFEA /* MentorBookTests.swift */ = {isa = PBXFileReference; lastKnownFileType = sourcecode.swift; path = MentorBookTests.swift; sourceTree = "<group>"; };
		CD2CC6FC26C4CA3E00E7EFEA /* Info.plist */ = {isa = PBXFileReference; lastKnownFileType = text.plist.xml; path = Info.plist; sourceTree = "<group>"; };
		CD2CC70126C4CA3E00E7EFEA /* MentorBookUITests.xctest */ = {isa = PBXFileReference; explicitFileType = wrapper.cfbundle; includeInIndex = 0; path = MentorBookUITests.xctest; sourceTree = BUILT_PRODUCTS_DIR; };
		CD2CC70526C4CA3E00E7EFEA /* MentorBookUITests.swift */ = {isa = PBXFileReference; lastKnownFileType = sourcecode.swift; path = MentorBookUITests.swift; sourceTree = "<group>"; };
		CD2CC70726C4CA3E00E7EFEA /* Info.plist */ = {isa = PBXFileReference; lastKnownFileType = text.plist.xml; path = Info.plist; sourceTree = "<group>"; };
		CD2CC71426C4DCF500E7EFEA /* ryo.jpg */ = {isa = PBXFileReference; lastKnownFileType = image.jpeg; path = ryo.jpg; sourceTree = "<group>"; };
		CD2CC71526C4DCF500E7EFEA /* nagata.jpg */ = {isa = PBXFileReference; lastKnownFileType = image.jpeg; path = nagata.jpg; sourceTree = "<group>"; };
		CD2CC71626C4DCF500E7EFEA /* taithi.jpg */ = {isa = PBXFileReference; lastKnownFileType = image.jpeg; path = taithi.jpg; sourceTree = "<group>"; };
		CD2CC71A26C4EC0200E7EFEA /* Mentor.swift */ = {isa = PBXFileReference; lastKnownFileType = sourcecode.swift; path = Mentor.swift; sourceTree = "<group>"; };
/* End PBXFileReference section */

/* Begin PBXFrameworksBuildPhase section */
		CD2CC6DD26C4CA3D00E7EFEA /* Frameworks */ = {
			isa = PBXFrameworksBuildPhase;
			buildActionMask = 2147483647;
			files = (
			);
			runOnlyForDeploymentPostprocessing = 0;
		};
		CD2CC6F326C4CA3E00E7EFEA /* Frameworks */ = {
			isa = PBXFrameworksBuildPhase;
			buildActionMask = 2147483647;
			files = (
			);
			runOnlyForDeploymentPostprocessing = 0;
		};
		CD2CC6FE26C4CA3E00E7EFEA /* Frameworks */ = {
			isa = PBXFrameworksBuildPhase;
			buildActionMask = 2147483647;
			files = (
			);
			runOnlyForDeploymentPostprocessing = 0;
		};
/* End PBXFrameworksBuildPhase section */

/* Begin PBXGroup section */
		CD2CC6D726C4CA3D00E7EFEA = {
			isa = PBXGroup;
			children = (
				CD2CC6E226C4CA3D00E7EFEA /* MentorBook */,
				CD2CC6F926C4CA3E00E7EFEA /* MentorBookTests */,
				CD2CC70426C4CA3E00E7EFEA /* MentorBookUITests */,
				CD2CC6E126C4CA3D00E7EFEA /* Products */,
			);
			sourceTree = "<group>";
		};
		CD2CC6E126C4CA3D00E7EFEA /* Products */ = {
			isa = PBXGroup;
			children = (
				CD2CC6E026C4CA3D00E7EFEA /* MentorBook.app */,
				CD2CC6F626C4CA3E00E7EFEA /* MentorBookTests.xctest */,
				CD2CC70126C4CA3E00E7EFEA /* MentorBookUITests.xctest */,
			);
			name = Products;
			sourceTree = "<group>";
		};
		CD2CC6E226C4CA3D00E7EFEA /* MentorBook */ = {
			isa = PBXGroup;
			children = (
				CD2CC6E326C4CA3D00E7EFEA /* AppDelegate.swift */,
				CD2CC6E526C4CA3D00E7EFEA /* SceneDelegate.swift */,
				CD2CC6E726C4CA3D00E7EFEA /* ViewController.swift */,
				CD2CC6E926C4CA3D00E7EFEA /* Main.storyboard */,
				CD2CC6EC26C4CA3E00E7EFEA /* Assets.xcassets */,
				CD2CC6EE26C4CA3E00E7EFEA /* LaunchScreen.storyboard */,
				CD2CC6F126C4CA3E00E7EFEA /* Info.plist */,
				CD2CC71326C4DCF500E7EFEA /* images */,
				CD2CC71A26C4EC0200E7EFEA /* Mentor.swift */,
			);
			path = MentorBook;
			sourceTree = "<group>";
		};
		CD2CC6F926C4CA3E00E7EFEA /* MentorBookTests */ = {
			isa = PBXGroup;
			children = (
				CD2CC6FA26C4CA3E00E7EFEA /* MentorBookTests.swift */,
				CD2CC6FC26C4CA3E00E7EFEA /* Info.plist */,
			);
			path = MentorBookTests;
			sourceTree = "<group>";
		};
		CD2CC70426C4CA3E00E7EFEA /* MentorBookUITests */ = {
			isa = PBXGroup;
			children = (
				CD2CC70526C4CA3E00E7EFEA /* MentorBookUITests.swift */,
				CD2CC70726C4CA3E00E7EFEA /* Info.plist */,
			);
			path = MentorBookUITests;
			sourceTree = "<group>";
		};
		CD2CC71326C4DCF500E7EFEA /* images */ = {
			isa = PBXGroup;
			children = (
				CD2CC71426C4DCF500E7EFEA /* ryo.jpg */,
				CD2CC71526C4DCF500E7EFEA /* nagata.jpg */,
				CD2CC71626C4DCF500E7EFEA /* taithi.jpg */,
			);
			path = images;
			sourceTree = "<group>";
		};
/* End PBXGroup section */

/* Begin PBXNativeTarget section */
		CD2CC6DF26C4CA3D00E7EFEA /* MentorBook */ = {
			isa = PBXNativeTarget;
			buildConfigurationList = CD2CC70A26C4CA3E00E7EFEA /* Build configuration list for PBXNativeTarget "MentorBook" */;
			buildPhases = (
				CD2CC6DC26C4CA3D00E7EFEA /* Sources */,
				CD2CC6DD26C4CA3D00E7EFEA /* Frameworks */,
				CD2CC6DE26C4CA3D00E7EFEA /* Resources */,
			);
			buildRules = (
			);
			dependencies = (
			);
			name = MentorBook;
			productName = MentorBook;
			productReference = CD2CC6E026C4CA3D00E7EFEA /* MentorBook.app */;
			productType = "com.apple.product-type.application";
		};
		CD2CC6F526C4CA3E00E7EFEA /* MentorBookTests */ = {
			isa = PBXNativeTarget;
			buildConfigurationList = CD2CC70D26C4CA3E00E7EFEA /* Build configuration list for PBXNativeTarget "MentorBookTests" */;
			buildPhases = (
				CD2CC6F226C4CA3E00E7EFEA /* Sources */,
				CD2CC6F326C4CA3E00E7EFEA /* Frameworks */,
				CD2CC6F426C4CA3E00E7EFEA /* Resources */,
			);
			buildRules = (
			);
			dependencies = (
				CD2CC6F826C4CA3E00E7EFEA /* PBXTargetDependency */,
			);
			name = MentorBookTests;
			productName = MentorBookTests;
			productReference = CD2CC6F626C4CA3E00E7EFEA /* MentorBookTests.xctest */;
			productType = "com.apple.product-type.bundle.unit-test";
		};
		CD2CC70026C4CA3E00E7EFEA /* MentorBookUITests */ = {
			isa = PBXNativeTarget;
			buildConfigurationList = CD2CC71026C4CA3E00E7EFEA /* Build configuration list for PBXNativeTarget "MentorBookUITests" */;
			buildPhases = (
				CD2CC6FD26C4CA3E00E7EFEA /* Sources */,
				CD2CC6FE26C4CA3E00E7EFEA /* Frameworks */,
				CD2CC6FF26C4CA3E00E7EFEA /* Resources */,
			);
			buildRules = (
			);
			dependencies = (
				CD2CC70326C4CA3E00E7EFEA /* PBXTargetDependency */,
			);
			name = MentorBookUITests;
			productName = MentorBookUITests;
			productReference = CD2CC70126C4CA3E00E7EFEA /* MentorBookUITests.xctest */;
			productType = "com.apple.product-type.bundle.ui-testing";
		};
/* End PBXNativeTarget section */

/* Begin PBXProject section */
		CD2CC6D826C4CA3D00E7EFEA /* Project object */ = {
			isa = PBXProject;
			attributes = {
				LastSwiftUpdateCheck = 1250;
				LastUpgradeCheck = 1250;
				TargetAttributes = {
					CD2CC6DF26C4CA3D00E7EFEA = {
						CreatedOnToolsVersion = 12.5.1;
					};
					CD2CC6F526C4CA3E00E7EFEA = {
						CreatedOnToolsVersion = 12.5.1;
						TestTargetID = CD2CC6DF26C4CA3D00E7EFEA;
					};
					CD2CC70026C4CA3E00E7EFEA = {
						CreatedOnToolsVersion = 12.5.1;
						TestTargetID = CD2CC6DF26C4CA3D00E7EFEA;
					};
				};
			};
			buildConfigurationList = CD2CC6DB26C4CA3D00E7EFEA /* Build configuration list for PBXProject "MentorBook" */;
			compatibilityVersion = "Xcode 9.3";
			developmentRegion = en;
			hasScannedForEncodings = 0;
			knownRegions = (
				en,
				Base,
			);
			mainGroup = CD2CC6D726C4CA3D00E7EFEA;
			productRefGroup = CD2CC6E126C4CA3D00E7EFEA /* Products */;
			projectDirPath = "";
			projectRoot = "";
			targets = (
				CD2CC6DF26C4CA3D00E7EFEA /* MentorBook */,
				CD2CC6F526C4CA3E00E7EFEA /* MentorBookTests */,
				CD2CC70026C4CA3E00E7EFEA /* MentorBookUITests */,
			);
		};
/* End PBXProject section */

/* Begin PBXResourcesBuildPhase section */
		CD2CC6DE26C4CA3D00E7EFEA /* Resources */ = {
			isa = PBXResourcesBuildPhase;
			buildActionMask = 2147483647;
			files = (
				CD2CC71926C4DCF500E7EFEA /* taithi.jpg in Resources */,
				CD2CC71726C4DCF500E7EFEA /* ryo.jpg in Resources */,
				CD2CC71826C4DCF500E7EFEA /* nagata.jpg in Resources */,
				CD2CC6F026C4CA3E00E7EFEA /* LaunchScreen.storyboard in Resources */,
				CD2CC6ED26C4CA3E00E7EFEA /* Assets.xcassets in Resources */,
				CD2CC6EB26C4CA3D00E7EFEA /* Main.storyboard in Resources */,
			);
			runOnlyForDeploymentPostprocessing = 0;
		};
		CD2CC6F426C4CA3E00E7EFEA /* Resources */ = {
			isa = PBXResourcesBuildPhase;
			buildActionMask = 2147483647;
			files = (
			);
			runOnlyForDeploymentPostprocessing = 0;
		};
		CD2CC6FF26C4CA3E00E7EFEA /* Resources */ = {
			isa = PBXResourcesBuildPhase;
			buildActionMask = 2147483647;
			files = (
			);
			runOnlyForDeploymentPostprocessing = 0;
		};
/* End PBXResourcesBuildPhase section */

/* Begin PBXSourcesBuildPhase section */
		CD2CC6DC26C4CA3D00E7EFEA /* Sources */ = {
			isa = PBXSourcesBuildPhase;
			buildActionMask = 2147483647;
			files = (
				CD2CC71B26C4EC0200E7EFEA /* Mentor.swift in Sources */,
				CD2CC6E826C4CA3D00E7EFEA /* ViewController.swift in Sources */,
				CD2CC6E426C4CA3D00E7EFEA /* AppDelegate.swift in Sources */,
				CD2CC6E626C4CA3D00E7EFEA /* SceneDelegate.swift in Sources */,
			);
			runOnlyForDeploymentPostprocessing = 0;
		};
		CD2CC6F226C4CA3E00E7EFEA /* Sources */ = {
			isa = PBXSourcesBuildPhase;
			buildActionMask = 2147483647;
			files = (
				CD2CC6FB26C4CA3E00E7EFEA /* MentorBookTests.swift in Sources */,
			);
			runOnlyForDeploymentPostprocessing = 0;
		};
		CD2CC6FD26C4CA3E00E7EFEA /* Sources */ = {
			isa = PBXSourcesBuildPhase;
			buildActionMask = 2147483647;
			files = (
				CD2CC70626C4CA3E00E7EFEA /* MentorBookUITests.swift in Sources */,
			);
			runOnlyForDeploymentPostprocessing = 0;
		};
/* End PBXSourcesBuildPhase section */

/* Begin PBXTargetDependency section */
		CD2CC6F826C4CA3E00E7EFEA /* PBXTargetDependency */ = {
			isa = PBXTargetDependency;
			target = CD2CC6DF26C4CA3D00E7EFEA /* MentorBook */;
			targetProxy = CD2CC6F726C4CA3E00E7EFEA /* PBXContainerItemProxy */;
		};
		CD2CC70326C4CA3E00E7EFEA /* PBXTargetDependency */ = {
			isa = PBXTargetDependency;
			target = CD2CC6DF26C4CA3D00E7EFEA /* MentorBook */;
			targetProxy = CD2CC70226C4CA3E00E7EFEA /* PBXContainerItemProxy */;
		};
/* End PBXTargetDependency section */

/* Begin PBXVariantGroup section */
		CD2CC6E926C4CA3D00E7EFEA /* Main.storyboard */ = {
			isa = PBXVariantGroup;
			children = (
				CD2CC6EA26C4CA3D00E7EFEA /* Base */,
			);
			name = Main.storyboard;
			sourceTree = "<group>";
		};
		CD2CC6EE26C4CA3E00E7EFEA /* LaunchScreen.storyboard */ = {
			isa = PBXVariantGroup;
			children = (
				CD2CC6EF26C4CA3E00E7EFEA /* Base */,
			);
			name = LaunchScreen.storyboard;
			sourceTree = "<group>";
		};
/* End PBXVariantGroup section */

/* Begin XCBuildConfiguration section */
		CD2CC70826C4CA3E00E7EFEA /* Debug */ = {
			isa = XCBuildConfiguration;
			buildSettings = {
				ALWAYS_SEARCH_USER_PATHS = NO;
				CLANG_ANALYZER_NONNULL = YES;
				CLANG_ANALYZER_NUMBER_OBJECT_CONVERSION = YES_AGGRESSIVE;
				CLANG_CXX_LANGUAGE_STANDARD = "gnu++14";
				CLANG_CXX_LIBRARY = "libc++";
				CLANG_ENABLE_MODULES = YES;
				CLANG_ENABLE_OBJC_ARC = YES;
				CLANG_ENABLE_OBJC_WEAK = YES;
				CLANG_WARN_BLOCK_CAPTURE_AUTORELEASING = YES;
				CLANG_WARN_BOOL_CONVERSION = YES;
				CLANG_WARN_COMMA = YES;
				CLANG_WARN_CONSTANT_CONVERSION = YES;
				CLANG_WARN_DEPRECATED_OBJC_IMPLEMENTATIONS = YES;
				CLANG_WARN_DIRECT_OBJC_ISA_USAGE = YES_ERROR;
				CLANG_WARN_DOCUMENTATION_COMMENTS = YES;
				CLANG_WARN_EMPTY_BODY = YES;
				CLANG_WARN_ENUM_CONVERSION = YES;
				CLANG_WARN_INFINITE_RECURSION = YES;
				CLANG_WARN_INT_CONVERSION = YES;
				CLANG_WARN_NON_LITERAL_NULL_CONVERSION = YES;
				CLANG_WARN_OBJC_IMPLICIT_RETAIN_SELF = YES;
				CLANG_WARN_OBJC_LITERAL_CONVERSION = YES;
				CLANG_WARN_OBJC_ROOT_CLASS = YES_ERROR;
				CLANG_WARN_QUOTED_INCLUDE_IN_FRAMEWORK_HEADER = YES;
				CLANG_WARN_RANGE_LOOP_ANALYSIS = YES;
				CLANG_WARN_STRICT_PROTOTYPES = YES;
				CLANG_WARN_SUSPICIOUS_MOVE = YES;
				CLANG_WARN_UNGUARDED_AVAILABILITY = YES_AGGRESSIVE;
				CLANG_WARN_UNREACHABLE_CODE = YES;
				CLANG_WARN__DUPLICATE_METHOD_MATCH = YES;
				COPY_PHASE_STRIP = NO;
				DEBUG_INFORMATION_FORMAT = dwarf;
				ENABLE_STRICT_OBJC_MSGSEND = YES;
				ENABLE_TESTABILITY = YES;
				GCC_C_LANGUAGE_STANDARD = gnu11;
				GCC_DYNAMIC_NO_PIC = NO;
				GCC_NO_COMMON_BLOCKS = YES;
				GCC_OPTIMIZATION_LEVEL = 0;
				GCC_PREPROCESSOR_DEFINITIONS = (
					"DEBUG=1",
					"$(inherited)",
				);
				GCC_WARN_64_TO_32_BIT_CONVERSION = YES;
				GCC_WARN_ABOUT_RETURN_TYPE = YES_ERROR;
				GCC_WARN_UNDECLARED_SELECTOR = YES;
				GCC_WARN_UNINITIALIZED_AUTOS = YES_AGGRESSIVE;
				GCC_WARN_UNUSED_FUNCTION = YES;
				GCC_WARN_UNUSED_VARIABLE = YES;
				IPHONEOS_DEPLOYMENT_TARGET = 14.5;
				MTL_ENABLE_DEBUG_INFO = INCLUDE_SOURCE;
				MTL_FAST_MATH = YES;
				ONLY_ACTIVE_ARCH = YES;
				SDKROOT = iphoneos;
				SWIFT_ACTIVE_COMPILATION_CONDITIONS = DEBUG;
				SWIFT_OPTIMIZATION_LEVEL = "-Onone";
			};
			name = Debug;
		};
		CD2CC70926C4CA3E00E7EFEA /* Release */ = {
			isa = XCBuildConfiguration;
			buildSettings = {
				ALWAYS_SEARCH_USER_PATHS = NO;
				CLANG_ANALYZER_NONNULL = YES;
				CLANG_ANALYZER_NUMBER_OBJECT_CONVERSION = YES_AGGRESSIVE;
				CLANG_CXX_LANGUAGE_STANDARD = "gnu++14";
				CLANG_CXX_LIBRARY = "libc++";
				CLANG_ENABLE_MODULES = YES;
				CLANG_ENABLE_OBJC_ARC = YES;
				CLANG_ENABLE_OBJC_WEAK = YES;
				CLANG_WARN_BLOCK_CAPTURE_AUTORELEASING = YES;
				CLANG_WARN_BOOL_CONVERSION = YES;
				CLANG_WARN_COMMA = YES;
				CLANG_WARN_CONSTANT_CONVERSION = YES;
				CLANG_WARN_DEPRECATED_OBJC_IMPLEMENTATIONS = YES;
				CLANG_WARN_DIRECT_OBJC_ISA_USAGE = YES_ERROR;
				CLANG_WARN_DOCUMENTATION_COMMENTS = YES;
				CLANG_WARN_EMPTY_BODY = YES;
				CLANG_WARN_ENUM_CONVERSION = YES;
				CLANG_WARN_INFINITE_RECURSION = YES;
				CLANG_WARN_INT_CONVERSION = YES;
				CLANG_WARN_NON_LITERAL_NULL_CONVERSION = YES;
				CLANG_WARN_OBJC_IMPLICIT_RETAIN_SELF = YES;
				CLANG_WARN_OBJC_LITERAL_CONVERSION = YES;
				CLANG_WARN_OBJC_ROOT_CLASS = YES_ERROR;
				CLANG_WARN_QUOTED_INCLUDE_IN_FRAMEWORK_HEADER = YES;
				CLANG_WARN_RANGE_LOOP_ANALYSIS = YES;
				CLANG_WARN_STRICT_PROTOTYPES = YES;
				CLANG_WARN_SUSPICIOUS_MOVE = YES;
				CLANG_WARN_UNGUARDED_AVAILABILITY = YES_AGGRESSIVE;
				CLANG_WARN_UNREACHABLE_CODE = YES;
				CLANG_WARN__DUPLICATE_METHOD_MATCH = YES;
				COPY_PHASE_STRIP = NO;
				DEBUG_INFORMATION_FORMAT = "dwarf-with-dsym";
				ENABLE_NS_ASSERTIONS = NO;
				ENABLE_STRICT_OBJC_MSGSEND = YES;
				GCC_C_LANGUAGE_STANDARD = gnu11;
				GCC_NO_COMMON_BLOCKS = YES;
				GCC_WARN_64_TO_32_BIT_CONVERSION = YES;
				GCC_WARN_ABOUT_RETURN_TYPE = YES_ERROR;
				GCC_WARN_UNDECLARED_SELECTOR = YES;
				GCC_WARN_UNINITIALIZED_AUTOS = YES_AGGRESSIVE;
				GCC_WARN_UNUSED_FUNCTION = YES;
				GCC_WARN_UNUSED_VARIABLE = YES;
				IPHONEOS_DEPLOYMENT_TARGET = 14.5;
				MTL_ENABLE_DEBUG_INFO = NO;
				MTL_FAST_MATH = YES;
				SDKROOT = iphoneos;
				SWIFT_COMPILATION_MODE = wholemodule;
				SWIFT_OPTIMIZATION_LEVEL = "-O";
				VALIDATE_PRODUCT = YES;
			};
			name = Release;
		};
		CD2CC70B26C4CA3E00E7EFEA /* Debug */ = {
			isa = XCBuildConfiguration;
			buildSettings = {
				ASSETCATALOG_COMPILER_APPICON_NAME = AppIcon;
				ASSETCATALOG_COMPILER_GLOBAL_ACCENT_COLOR_NAME = AccentColor;
				CODE_SIGN_STYLE = Automatic;
				DEVELOPMENT_TEAM = JNGQ362X2F;
				INFOPLIST_FILE = MentorBook/Info.plist;
				LD_RUNPATH_SEARCH_PATHS = (
					"$(inherited)",
					"@executable_path/Frameworks",
				);
				PRODUCT_BUNDLE_IDENTIFIER = app.pico.ogoshi.MentorBook;
				PRODUCT_NAME = "$(TARGET_NAME)";
				SWIFT_VERSION = 5.0;
				TARGETED_DEVICE_FAMILY = "1,2";
			};
			name = Debug;
		};
		CD2CC70C26C4CA3E00E7EFEA /* Release */ = {
			isa = XCBuildConfiguration;
			buildSettings = {
				ASSETCATALOG_COMPILER_APPICON_NAME = AppIcon;
				ASSETCATALOG_COMPILER_GLOBAL_ACCENT_COLOR_NAME = AccentColor;
				CODE_SIGN_STYLE = Automatic;
				DEVELOPMENT_TEAM = JNGQ362X2F;
				INFOPLIST_FILE = MentorBook/Info.plist;
				LD_RUNPATH_SEARCH_PATHS = (
					"$(inherited)",
					"@executable_path/Frameworks",
				);
				PRODUCT_BUNDLE_IDENTIFIER = app.pico.ogoshi.MentorBook;
				PRODUCT_NAME = "$(TARGET_NAME)";
				SWIFT_VERSION = 5.0;
				TARGETED_DEVICE_FAMILY = "1,2";
			};
			name = Release;
		};
		CD2CC70E26C4CA3E00E7EFEA /* Debug */ = {
			isa = XCBuildConfiguration;
			buildSettings = {
				ALWAYS_EMBED_SWIFT_STANDARD_LIBRARIES = YES;
				BUNDLE_LOADER = "$(TEST_HOST)";
				CODE_SIGN_STYLE = Automatic;
				INFOPLIST_FILE = MentorBookTests/Info.plist;
				IPHONEOS_DEPLOYMENT_TARGET = 14.5;
				LD_RUNPATH_SEARCH_PATHS = (
					"$(inherited)",
					"@executable_path/Frameworks",
					"@loader_path/Frameworks",
				);
				PRODUCT_BUNDLE_IDENTIFIER = app.pico.ogoshi.MentorBookTests;
				PRODUCT_NAME = "$(TARGET_NAME)";
				SWIFT_VERSION = 5.0;
				TARGETED_DEVICE_FAMILY = "1,2";
				TEST_HOST = "$(BUILT_PRODUCTS_DIR)/MentorBook.app/MentorBook";
			};
			name = Debug;
		};
		CD2CC70F26C4CA3E00E7EFEA /* Release */ = {
			isa = XCBuildConfiguration;
			buildSettings = {
				ALWAYS_EMBED_SWIFT_STANDARD_LIBRARIES = YES;
				BUNDLE_LOADER = "$(TEST_HOST)";
				CODE_SIGN_STYLE = Automatic;
				INFOPLIST_FILE = MentorBookTests/Info.plist;
				IPHONEOS_DEPLOYMENT_TARGET = 14.5;
				LD_RUNPATH_SEARCH_PATHS = (
					"$(inherited)",
					"@executable_path/Frameworks",
					"@loader_path/Frameworks",
				);
				PRODUCT_BUNDLE_IDENTIFIER = app.pico.ogoshi.MentorBookTests;
				PRODUCT_NAME = "$(TARGET_NAME)";
				SWIFT_VERSION = 5.0;
				TARGETED_DEVICE_FAMILY = "1,2";
				TEST_HOST = "$(BUILT_PRODUCTS_DIR)/MentorBook.app/MentorBook";
			};
			name = Release;
		};
		CD2CC71126C4CA3E00E7EFEA /* Debug */ = {
			isa = XCBuildConfiguration;
			buildSettings = {
				ALWAYS_EMBED_SWIFT_STANDARD_LIBRARIES = YES;
				CODE_SIGN_STYLE = Automatic;
				INFOPLIST_FILE = MentorBookUITests/Info.plist;
				LD_RUNPATH_SEARCH_PATHS = (
					"$(inherited)",
					"@executable_path/Frameworks",
					"@loader_path/Frameworks",
				);
				PRODUCT_BUNDLE_IDENTIFIER = app.pico.ogoshi.MentorBookUITests;
				PRODUCT_NAME = "$(TARGET_NAME)";
				SWIFT_VERSION = 5.0;
				TARGETED_DEVICE_FAMILY = "1,2";
				TEST_TARGET_NAME = MentorBook;
			};
			name = Debug;
		};
		CD2CC71226C4CA3E00E7EFEA /* Release */ = {
			isa = XCBuildConfiguration;
			buildSettings = {
				ALWAYS_EMBED_SWIFT_STANDARD_LIBRARIES = YES;
				CODE_SIGN_STYLE = Automatic;
				INFOPLIST_FILE = MentorBookUITests/Info.plist;
				LD_RUNPATH_SEARCH_PATHS = (
					"$(inherited)",
					"@executable_path/Frameworks",
					"@loader_path/Frameworks",
				);
				PRODUCT_BUNDLE_IDENTIFIER = app.pico.ogoshi.MentorBookUITests;
				PRODUCT_NAME = "$(TARGET_NAME)";
				SWIFT_VERSION = 5.0;
				TARGETED_DEVICE_FAMILY = "1,2";
				TEST_TARGET_NAME = MentorBook;
			};
			name = Release;
		};
/* End XCBuildConfiguration section */

/* Begin XCConfigurationList section */
		CD2CC6DB26C4CA3D00E7EFEA /* Build configuration list for PBXProject "MentorBook" */ = {
			isa = XCConfigurationList;
			buildConfigurations = (
				CD2CC70826C4CA3E00E7EFEA /* Debug */,
				CD2CC70926C4CA3E00E7EFEA /* Release */,
			);
			defaultConfigurationIsVisible = 0;
			defaultConfigurationName = Release;
		};
		CD2CC70A26C4CA3E00E7EFEA /* Build configuration list for PBXNativeTarget "MentorBook" */ = {
			isa = XCConfigurationList;
			buildConfigurations = (
				CD2CC70B26C4CA3E00E7EFEA /* Debug */,
				CD2CC70C26C4CA3E00E7EFEA /* Release */,
			);
			defaultConfigurationIsVisible = 0;
			defaultConfigurationName = Release;
		};
		CD2CC70D26C4CA3E00E7EFEA /* Build configuration list for PBXNativeTarget "MentorBookTests" */ = {
			isa = XCConfigurationList;
			buildConfigurations = (
				CD2CC70E26C4CA3E00E7EFEA /* Debug */,
				CD2CC70F26C4CA3E00E7EFEA /* Release */,
			);
			defaultConfigurationIsVisible = 0;
			defaultConfigurationName = Release;
		};
		CD2CC71026C4CA3E00E7EFEA /* Build configuration list for PBXNativeTarget "MentorBookUITests" */ = {
			isa = XCConfigurationList;
			buildConfigurations = (
				CD2CC71126C4CA3E00E7EFEA /* Debug */,
				CD2CC71226C4CA3E00E7EFEA /* Release */,
			);
			defaultConfigurationIsVisible = 0;
			defaultConfigurationName = Release;
		};
/* End XCConfigurationList section */
	};
	rootObject = CD2CC6D826C4CA3D00E7EFEA /* Project object */;
}
